
Microsoft Visual Studio Solution File, Format Version 12.00
# Visual Studio Version 17
VisualStudioVersion = 17.4.33403.182
MinimumVisualStudioVersion = 10.0.40219.1
Project("{FAE04EC0-301F-11D3-BF4B-00C04F79EFBC}") = "NigeriaZipCodeChecker", "NigeriaZipCodeChecker.csproj", "{AECA6EAC-2A65-43CF-BF90-971AC11ABA94}"
EndProject
Global
	GlobalSection(SolutionConfigurationPlatforms) = preSolution
		Debug|Any CPU = Debug|Any CPU
		Release|Any CPU = Release|Any CPU
	EndGlobalSection
	GlobalSection(ProjectConfigurationPlatforms) = postSolution
		{AECA6EAC-2A65-43CF-BF90-971AC11ABA94}.Debug|Any CPU.ActiveCfg = Debug|Any CPU
		{AECA6EAC-2A65-43CF-BF90-971AC11ABA94}.Debug|Any CPU.Build.0 = Debug|Any CPU
		{AECA6EAC-2A65-43CF-BF90-971AC11ABA94}.Release|Any CPU.ActiveCfg = Release|Any CPU
		{AECA6EAC-2A65-43CF-BF90-971AC11ABA94}.Release|Any CPU.Build.0 = Release|Any CPU
	EndGlobalSection
	GlobalSection(SolutionProperties) = preSolution
		HideSolutionNode = FALSE
	EndGlobalSection
	GlobalSection(ExtensibilityGlobals) = postSolution
		SolutionGuid = {42A8942E-F93D-45C2-A62E-C1A577ED86E3}
	EndGlobalSection
EndGlobal
